
Microsoft Visual Studio Solution File, Format Version 12.00
# Visual Studio 15
VisualStudioVersion = 15.0.28307.1758
MinimumVisualStudioVersion = 10.0.40219.1
Project("{FAE04EC0-301F-11D3-BF4B-00C04F79EFBC}") = "HoldemBucketMatrix", "HoldemBucketMatrix\HoldemBucketMatrix.csproj", "{4E2B13C6-1B51-4D28-B277-2F93B63CB6AC}"
EndProject
Project("{FAE04EC0-301F-11D3-BF4B-00C04F79EFBC}") = "HoldemBucketing", "HoldemBucketing\HoldemBucketing.csproj", "{CA9A473D-20DF-48A2-AC96-5C8B7CC75F4F}"
EndProject
Global
	GlobalSection(SolutionConfigurationPlatforms) = preSolution
		Debug 5|Any CPU = Debug 5|Any CPU
		Debug 5|x64 = Debug 5|x64
		Debug 5|x86 = Debug 5|x86
		Debug all|Any CPU = Debug all|Any CPU
		Debug all|x64 = Debug all|x64
		Debug all|x86 = Debug all|x86
		Debug BT|Any CPU = Debug BT|Any CPU
		Debug BT|x64 = Debug BT|x64
		Debug BT|x86 = Debug BT|x86
		Debug|Any CPU = Debug|Any CPU
		Debug|x64 = Debug|x64
		Debug|x86 = Debug|x86
		ImportTool Debug|Any CPU = ImportTool Debug|Any CPU
		ImportTool Debug|x64 = ImportTool Debug|x64
		ImportTool Debug|x86 = ImportTool Debug|x86
		Release 5|Any CPU = Release 5|Any CPU
		Release 5|x64 = Release 5|x64
		Release 5|x86 = Release 5|x86
		Release BT|Any CPU = Release BT|Any CPU
		Release BT|x64 = Release BT|x64
		Release BT|x86 = Release BT|x86
		Release|Any CPU = Release|Any CPU
		Release|x64 = Release|x64
		Release|x86 = Release|x86
	EndGlobalSection
	GlobalSection(ProjectConfigurationPlatforms) = postSolution
		{4E2B13C6-1B51-4D28-B277-2F93B63CB6AC}.Debug 5|Any CPU.ActiveCfg = Debug|Any CPU
		{4E2B13C6-1B51-4D28-B277-2F93B63CB6AC}.Debug 5|Any CPU.Build.0 = Debug|Any CPU
		{4E2B13C6-1B51-4D28-B277-2F93B63CB6AC}.Debug 5|x64.ActiveCfg = Debug|Any CPU
		{4E2B13C6-1B51-4D28-B277-2F93B63CB6AC}.Debug 5|x64.Build.0 = Debug|Any CPU
		{4E2B13C6-1B51-4D28-B277-2F93B63CB6AC}.Debug 5|x86.ActiveCfg = Debug|Any CPU
		{4E2B13C6-1B51-4D28-B277-2F93B63CB6AC}.Debug 5|x86.Build.0 = Debug|Any CPU
		{4E2B13C6-1B51-4D28-B277-2F93B63CB6AC}.Debug all|Any CPU.ActiveCfg = Debug|Any CPU
		{4E2B13C6-1B51-4D28-B277-2F93B63CB6AC}.Debug all|Any CPU.Build.0 = Debug|Any CPU
		{4E2B13C6-1B51-4D28-B277-2F93B63CB6AC}.Debug all|x64.ActiveCfg = Debug|Any CPU
		{4E2B13C6-1B51-4D28-B277-2F93B63CB6AC}.Debug all|x64.Build.0 = Debug|Any CPU
		{4E2B13C6-1B51-4D28-B277-2F93B63CB6AC}.Debug all|x86.ActiveCfg = Debug|Any CPU
		{4E2B13C6-1B51-4D28-B277-2F93B63CB6AC}.Debug all|x86.Build.0 = Debug|Any CPU
		{4E2B13C6-1B51-4D28-B277-2F93B63CB6AC}.Debug BT|Any CPU.ActiveCfg = Debug|Any CPU
		{4E2B13C6-1B51-4D28-B277-2F93B63CB6AC}.Debug BT|Any CPU.Build.0 = Debug|Any CPU
		{4E2B13C6-1B51-4D28-B277-2F93B63CB6AC}.Debug BT|x64.ActiveCfg = Debug|Any CPU
		{4E2B13C6-1B51-4D28-B277-2F93B63CB6AC}.Debug BT|x64.Build.0 = Debug|Any CPU
		{4E2B13C6-1B51-4D28-B277-2F93B63CB6AC}.Debug BT|x86.ActiveCfg = Debug|Any CPU
		{4E2B13C6-1B51-4D28-B277-2F93B63CB6AC}.Debug BT|x86.Build.0 = Debug|Any CPU
		{4E2B13C6-1B51-4D28-B277-2F93B63CB6AC}.Debug|Any CPU.ActiveCfg = Debug|Any CPU
		{4E2B13C6-1B51-4D28-B277-2F93B63CB6AC}.Debug|Any CPU.Build.0 = Debug|Any CPU
		{4E2B13C6-1B51-4D28-B277-2F93B63CB6AC}.Debug|x64.ActiveCfg = Debug|Any CPU
		{4E2B13C6-1B51-4D28-B277-2F93B63CB6AC}.Debug|x64.Build.0 = Debug|Any CPU
		{4E2B13C6-1B51-4D28-B277-2F93B63CB6AC}.Debug|x86.ActiveCfg = Debug|Any CPU
		{4E2B13C6-1B51-4D28-B277-2F93B63CB6AC}.Debug|x86.Build.0 = Debug|Any CPU
		{4E2B13C6-1B51-4D28-B277-2F93B63CB6AC}.ImportTool Debug|Any CPU.ActiveCfg = Debug|Any CPU
		{4E2B13C6-1B51-4D28-B277-2F93B63CB6AC}.ImportTool Debug|Any CPU.Build.0 = Debug|Any CPU
		{4E2B13C6-1B51-4D28-B277-2F93B63CB6AC}.ImportTool Debug|x64.ActiveCfg = Debug|Any CPU
		{4E2B13C6-1B51-4D28-B277-2F93B63CB6AC}.ImportTool Debug|x64.Build.0 = Debug|Any CPU
		{4E2B13C6-1B51-4D28-B277-2F93B63CB6AC}.ImportTool Debug|x86.ActiveCfg = Debug|Any CPU
		{4E2B13C6-1B51-4D28-B277-2F93B63CB6AC}.ImportTool Debug|x86.Build.0 = Debug|Any CPU
		{4E2B13C6-1B51-4D28-B277-2F93B63CB6AC}.Release 5|Any CPU.ActiveCfg = Release|Any CPU
		{4E2B13C6-1B51-4D28-B277-2F93B63CB6AC}.Release 5|Any CPU.Build.0 = Release|Any CPU
		{4E2B13C6-1B51-4D28-B277-2F93B63CB6AC}.Release 5|x64.ActiveCfg = Release|Any CPU
		{4E2B13C6-1B51-4D28-B277-2F93B63CB6AC}.Release 5|x64.Build.0 = Release|Any CPU
		{4E2B13C6-1B51-4D28-B277-2F93B63CB6AC}.Release 5|x86.ActiveCfg = Release|Any CPU
		{4E2B13C6-1B51-4D28-B277-2F93B63CB6AC}.Release 5|x86.Build.0 = Release|Any CPU
		{4E2B13C6-1B51-4D28-B277-2F93B63CB6AC}.Release BT|Any CPU.ActiveCfg = Release|Any CPU
		{4E2B13C6-1B51-4D28-B277-2F93B63CB6AC}.Release BT|Any CPU.Build.0 = Release|Any CPU
		{4E2B13C6-1B51-4D28-B277-2F93B63CB6AC}.Release BT|x64.ActiveCfg = Release|Any CPU
		{4E2B13C6-1B51-4D28-B277-2F93B63CB6AC}.Release BT|x64.Build.0 = Release|Any CPU
		{4E2B13C6-1B51-4D28-B277-2F93B63CB6AC}.Release BT|x86.ActiveCfg = Release|Any CPU
		{4E2B13C6-1B51-4D28-B277-2F93B63CB6AC}.Release BT|x86.Build.0 = Release|Any CPU
		{4E2B13C6-1B51-4D28-B277-2F93B63CB6AC}.Release|Any CPU.ActiveCfg = Release|Any CPU
		{4E2B13C6-1B51-4D28-B277-2F93B63CB6AC}.Release|Any CPU.Build.0 = Release|Any CPU
		{4E2B13C6-1B51-4D28-B277-2F93B63CB6AC}.Release|x64.ActiveCfg = Release|Any CPU
		{4E2B13C6-1B51-4D28-B277-2F93B63CB6AC}.Release|x64.Build.0 = Release|Any CPU
		{4E2B13C6-1B51-4D28-B277-2F93B63CB6AC}.Release|x86.ActiveCfg = Release|Any CPU
		{4E2B13C6-1B51-4D28-B277-2F93B63CB6AC}.Release|x86.Build.0 = Release|Any CPU
		{CA9A473D-20DF-48A2-AC96-5C8B7CC75F4F}.Debug 5|Any CPU.ActiveCfg = Debug|Any CPU
		{CA9A473D-20DF-48A2-AC96-5C8B7CC75F4F}.Debug 5|Any CPU.Build.0 = Debug|Any CPU
		{CA9A473D-20DF-48A2-AC96-5C8B7CC75F4F}.Debug 5|x64.ActiveCfg = Debug|Any CPU
		{CA9A473D-20DF-48A2-AC96-5C8B7CC75F4F}.Debug 5|x64.Build.0 = Debug|Any CPU
		{CA9A473D-20DF-48A2-AC96-5C8B7CC75F4F}.Debug 5|x86.ActiveCfg = Debug|Any CPU
		{CA9A473D-20DF-48A2-AC96-5C8B7CC75F4F}.Debug 5|x86.Build.0 = Debug|Any CPU
		{CA9A473D-20DF-48A2-AC96-5C8B7CC75F4F}.Debug all|Any CPU.ActiveCfg = Debug|Any CPU
		{CA9A473D-20DF-48A2-AC96-5C8B7CC75F4F}.Debug all|Any CPU.Build.0 = Debug|Any CPU
		{CA9A473D-20DF-48A2-AC96-5C8B7CC75F4F}.Debug all|x64.ActiveCfg = Debug|Any CPU
		{CA9A473D-20DF-48A2-AC96-5C8B7CC75F4F}.Debug all|x64.Build.0 = Debug|Any CPU
		{CA9A473D-20DF-48A2-AC96-5C8B7CC75F4F}.Debug all|x86.ActiveCfg = Debug|Any CPU
		{CA9A473D-20DF-48A2-AC96-5C8B7CC75F4F}.Debug all|x86.Build.0 = Debug|Any CPU
		{CA9A473D-20DF-48A2-AC96-5C8B7CC75F4F}.Debug BT|Any CPU.ActiveCfg = Debug|Any CPU
		{CA9A473D-20DF-48A2-AC96-5C8B7CC75F4F}.Debug BT|Any CPU.Build.0 = Debug|Any CPU
		{CA9A473D-20DF-48A2-AC96-5C8B7CC75F4F}.Debug BT|x64.ActiveCfg = Debug|Any CPU
		{CA9A473D-20DF-48A2-AC96-5C8B7CC75F4F}.Debug BT|x64.Build.0 = Debug|Any CPU
		{CA9A473D-20DF-48A2-AC96-5C8B7CC75F4F}.Debug BT|x86.ActiveCfg = Debug|Any CPU
		{CA9A473D-20DF-48A2-AC96-5C8B7CC75F4F}.Debug BT|x86.Build.0 = Debug|Any CPU
		{CA9A473D-20DF-48A2-AC96-5C8B7CC75F4F}.Debug|Any CPU.ActiveCfg = Debug|Any CPU
		{CA9A473D-20DF-48A2-AC96-5C8B7CC75F4F}.Debug|Any CPU.Build.0 = Debug|Any CPU
		{CA9A473D-20DF-48A2-AC96-5C8B7CC75F4F}.Debug|x64.ActiveCfg = Debug|Any CPU
		{CA9A473D-20DF-48A2-AC96-5C8B7CC75F4F}.Debug|x64.Build.0 = Debug|Any CPU
		{CA9A473D-20DF-48A2-AC96-5C8B7CC75F4F}.Debug|x86.ActiveCfg = Debug|Any CPU
		{CA9A473D-20DF-48A2-AC96-5C8B7CC75F4F}.Debug|x86.Build.0 = Debug|Any CPU
		{CA9A473D-20DF-48A2-AC96-5C8B7CC75F4F}.ImportTool Debug|Any CPU.ActiveCfg = Debug|Any CPU
		{CA9A473D-20DF-48A2-AC96-5C8B7CC75F4F}.ImportTool Debug|Any CPU.Build.0 = Debug|Any CPU
		{CA9A473D-20DF-48A2-AC96-5C8B7CC75F4F}.ImportTool Debug|x64.ActiveCfg = Debug|Any CPU
		{CA9A473D-20DF-48A2-AC96-5C8B7CC75F4F}.ImportTool Debug|x64.Build.0 = Debug|Any CPU
		{CA9A473D-20DF-48A2-AC96-5C8B7CC75F4F}.ImportTool Debug|x86.ActiveCfg = Debug|Any CPU
		{CA9A473D-20DF-48A2-AC96-5C8B7CC75F4F}.ImportTool Debug|x86.Build.0 = Debug|Any CPU
		{CA9A473D-20DF-48A2-AC96-5C8B7CC75F4F}.Release 5|Any CPU.ActiveCfg = Release|Any CPU
		{CA9A473D-20DF-48A2-AC96-5C8B7CC75F4F}.Release 5|Any CPU.Build.0 = Release|Any CPU
		{CA9A473D-20DF-48A2-AC96-5C8B7CC75F4F}.Release 5|x64.ActiveCfg = Release|Any CPU
		{CA9A473D-20DF-48A2-AC96-5C8B7CC75F4F}.Release 5|x64.Build.0 = Release|Any CPU
		{CA9A473D-20DF-48A2-AC96-5C8B7CC75F4F}.Release 5|x86.ActiveCfg = Release|Any CPU
		{CA9A473D-20DF-48A2-AC96-5C8B7CC75F4F}.Release 5|x86.Build.0 = Release|Any CPU
		{CA9A473D-20DF-48A2-AC96-5C8B7CC75F4F}.Release BT|Any CPU.ActiveCfg = Release|Any CPU
		{CA9A473D-20DF-48A2-AC96-5C8B7CC75F4F}.Release BT|Any CPU.Build.0 = Release|Any CPU
		{CA9A473D-20DF-48A2-AC96-5C8B7CC75F4F}.Release BT|x64.ActiveCfg = Release|Any CPU
		{CA9A473D-20DF-48A2-AC96-5C8B7CC75F4F}.Release BT|x64.Build.0 = Release|Any CPU
		{CA9A473D-20DF-48A2-AC96-5C8B7CC75F4F}.Release BT|x86.ActiveCfg = Release|Any CPU
		{CA9A473D-20DF-48A2-AC96-5C8B7CC75F4F}.Release BT|x86.Build.0 = Release|Any CPU
		{CA9A473D-20DF-48A2-AC96-5C8B7CC75F4F}.Release|Any CPU.ActiveCfg = Release|Any CPU
		{CA9A473D-20DF-48A2-AC96-5C8B7CC75F4F}.Release|Any CPU.Build.0 = Release|Any CPU
		{CA9A473D-20DF-48A2-AC96-5C8B7CC75F4F}.Release|x64.ActiveCfg = Release|Any CPU
		{CA9A473D-20DF-48A2-AC96-5C8B7CC75F4F}.Release|x64.Build.0 = Release|Any CPU
		{CA9A473D-20DF-48A2-AC96-5C8B7CC75F4F}.Release|x86.ActiveCfg = Release|Any CPU
		{CA9A473D-20DF-48A2-AC96-5C8B7CC75F4F}.Release|x86.Build.0 = Release|Any CPU
	EndGlobalSection
	GlobalSection(SolutionProperties) = preSolution
		HideSolutionNode = FALSE
	EndGlobalSection
	GlobalSection(ExtensibilityGlobals) = postSolution
		SolutionGuid = {D5A20F82-C939-42FA-9BFF-DF012B92ECD7}
	EndGlobalSection
EndGlobal
